// !$*UTF8*$!
{
	archiveVersion = 1;
	classes = {
	};
	objectVersion = 56;
	objects = {

/* Begin PBXBuildFile section */
		0668E3442DDC337A005EB6FF /* AppDelegate.swift in Sources */ = {isa = PBXBuildFile; fileRef = 0668E3432DDC337A005EB6FF /* AppDelegate.swift */; };
		0668E3462DDC337A005EB6FF /* SceneDelegate.swift in Sources */ = {isa = PBXBuildFile; fileRef = 0668E3452DDC337A005EB6FF /* SceneDelegate.swift */; };
		0668E3482DDC337A005EB6FF /* DataRaceViewController.swift in Sources */ = {isa = PBXBuildFile; fileRef = 0668E3472DDC337A005EB6FF /* DataRaceViewController.swift */; };
		0668E34D2DDC337B005EB6FF /* Assets.xcassets in Resources */ = {isa = PBXBuildFile; fileRef = 0668E34C2DDC337B005EB6FF /* Assets.xcassets */; };
		0668E3502DDC337B005EB6FF /* Base in Resources */ = {isa = PBXBuildFile; fileRef = 0668E34F2DDC337B005EB6FF /* Base */; };
		0668E3592DDC3441005EB6FF /* DeadlockViewController.swift in Sources */ = {isa = PBXBuildFile; fileRef = 0668E3582DDC3441005EB6FF /* DeadlockViewController.swift */; };
		0668E35B2DDC344F005EB6FF /* PriorityInversionViewController.swift in Sources */ = {isa = PBXBuildFile; fileRef = 0668E35A2DDC344F005EB6FF /* PriorityInversionViewController.swift */; };
		0668E35D2DDC345D005EB6FF /* StarvationDemoViewController.swift in Sources */ = {isa = PBXBuildFile; fileRef = 0668E35C2DDC345D005EB6FF /* StarvationDemoViewController.swift */; };
		CE3F94662DE454FE00ECD7A3 /* SafeSection.swift in Sources */ = {isa = PBXBuildFile; fileRef = CE3F94652DE454FD00ECD7A3 /* SafeSection.swift */; };
		CE3F94682DE4563800ECD7A3 /* DataRaceSaveSection.swift in Sources */ = {isa = PBXBuildFile; fileRef = CE3F94672DE4562900ECD7A3 /* DataRaceSaveSection.swift */; };
		CE3F946A2DE45F0600ECD7A3 /* DataLoadingViewController.swift in Sources */ = {isa = PBXBuildFile; fileRef = CE3F94692DE45F0400ECD7A3 /* DataLoadingViewController.swift */; };
		CE4D212C2DDE311F00399461 /* Livelock.swift in Sources */ = {isa = PBXBuildFile; fileRef = CE4D212B2DDE311300399461 /* Livelock.swift */; };
		CE4D212E2DDEDF6600399461 /* ComplexRaceConditionViewController.swift in Sources */ = {isa = PBXBuildFile; fileRef = CE4D212D2DDEDF5A00399461 /* ComplexRaceConditionViewController.swift */; };
/* End PBXBuildFile section */

/* Begin PBXFileReference section */
		0668E3402DDC337A005EB6FF /* MultithreadingL2.app */ = {isa = PBXFileReference; explicitFileType = wrapper.application; includeInIndex = 0; path = MultithreadingL2.app; sourceTree = BUILT_PRODUCTS_DIR; };
		0668E3432DDC337A005EB6FF /* AppDelegate.swift */ = {isa = PBXFileReference; lastKnownFileType = sourcecode.swift; path = AppDelegate.swift; sourceTree = "<group>"; };
		0668E3452DDC337A005EB6FF /* SceneDelegate.swift */ = {isa = PBXFileReference; lastKnownFileType = sourcecode.swift; path = SceneDelegate.swift; sourceTree = "<group>"; };
		0668E3472DDC337A005EB6FF /* DataRaceViewController.swift */ = {isa = PBXFileReference; lastKnownFileType = sourcecode.swift; path = DataRaceViewController.swift; sourceTree = "<group>"; };
		0668E34C2DDC337B005EB6FF /* Assets.xcassets */ = {isa = PBXFileReference; lastKnownFileType = folder.assetcatalog; path = Assets.xcassets; sourceTree = "<group>"; };
		0668E34F2DDC337B005EB6FF /* Base */ = {isa = PBXFileReference; lastKnownFileType = file.storyboard; name = Base; path = Base.lproj/LaunchScreen.storyboard; sourceTree = "<group>"; };
		0668E3512DDC337B005EB6FF /* Info.plist */ = {isa = PBXFileReference; lastKnownFileType = text.plist.xml; path = Info.plist; sourceTree = "<group>"; };
		0668E3582DDC3441005EB6FF /* DeadlockViewController.swift */ = {isa = PBXFileReference; lastKnownFileType = sourcecode.swift; path = DeadlockViewController.swift; sourceTree = "<group>"; };
		0668E35A2DDC344F005EB6FF /* PriorityInversionViewController.swift */ = {isa = PBXFileReference; lastKnownFileType = sourcecode.swift; path = PriorityInversionViewController.swift; sourceTree = "<group>"; };
		0668E35C2DDC345D005EB6FF /* StarvationDemoViewController.swift */ = {isa = PBXFileReference; lastKnownFileType = sourcecode.swift; path = StarvationDemoViewController.swift; sourceTree = "<group>"; };
		CE3F94652DE454FD00ECD7A3 /* SafeSection.swift */ = {isa = PBXFileReference; lastKnownFileType = sourcecode.swift; path = SafeSection.swift; sourceTree = "<group>"; };
		CE3F94672DE4562900ECD7A3 /* DataRaceSaveSection.swift */ = {isa = PBXFileReference; lastKnownFileType = sourcecode.swift; path = DataRaceSaveSection.swift; sourceTree = "<group>"; };
		CE3F94692DE45F0400ECD7A3 /* DataLoadingViewController.swift */ = {isa = PBXFileReference; lastKnownFileType = sourcecode.swift; path = DataLoadingViewController.swift; sourceTree = "<group>"; };
		CE4D212B2DDE311300399461 /* Livelock.swift */ = {isa = PBXFileReference; lastKnownFileType = sourcecode.swift; path = Livelock.swift; sourceTree = "<group>"; };
		CE4D212D2DDEDF5A00399461 /* ComplexRaceConditionViewController.swift */ = {isa = PBXFileReference; lastKnownFileType = sourcecode.swift; path = ComplexRaceConditionViewController.swift; sourceTree = "<group>"; };
/* End PBXFileReference section */

/* Begin PBXFrameworksBuildPhase section */
		0668E33D2DDC337A005EB6FF /* Frameworks */ = {
			isa = PBXFrameworksBuildPhase;
			buildActionMask = 2147483647;
			files = (
			);
			runOnlyForDeploymentPostprocessing = 0;
		};
/* End PBXFrameworksBuildPhase section */

/* Begin PBXGroup section */
		0668E3372DDC337A005EB6FF = {
			isa = PBXGroup;
			children = (
				0668E3422DDC337A005EB6FF /* MultithreadingL2 */,
				0668E3412DDC337A005EB6FF /* Products */,
			);
			sourceTree = "<group>";
		};
		0668E3412DDC337A005EB6FF /* Products */ = {
			isa = PBXGroup;
			children = (
				0668E3402DDC337A005EB6FF /* MultithreadingL2.app */,
			);
			name = Products;
			sourceTree = "<group>";
		};
		0668E3422DDC337A005EB6FF /* MultithreadingL2 */ = {
			isa = PBXGroup;
			children = (
				0668E3572DDC33DD005EB6FF /* ViewControllers */,
				0668E3432DDC337A005EB6FF /* AppDelegate.swift */,
				0668E3452DDC337A005EB6FF /* SceneDelegate.swift */,
				0668E34C2DDC337B005EB6FF /* Assets.xcassets */,
				0668E34E2DDC337B005EB6FF /* LaunchScreen.storyboard */,
				0668E3512DDC337B005EB6FF /* Info.plist */,
			);
			path = MultithreadingL2;
			sourceTree = "<group>";
		};
		0668E3572DDC33DD005EB6FF /* ViewControllers */ = {
			isa = PBXGroup;
			children = (
				CE3F94692DE45F0400ECD7A3 /* DataLoadingViewController.swift */,
				CE3F94652DE454FD00ECD7A3 /* SafeSection.swift */,
				CE4D212D2DDEDF5A00399461 /* ComplexRaceConditionViewController.swift */,
				CE4D212B2DDE311300399461 /* Livelock.swift */,
				0668E3472DDC337A005EB6FF /* DataRaceViewController.swift */,
				CE3F94672DE4562900ECD7A3 /* DataRaceSaveSection.swift */,
				0668E3582DDC3441005EB6FF /* DeadlockViewController.swift */,
				0668E35A2DDC344F005EB6FF /* PriorityInversionViewController.swift */,
				0668E35C2DDC345D005EB6FF /* StarvationDemoViewController.swift */,
			);
			path = ViewControllers;
			sourceTree = "<group>";
		};
/* End PBXGroup section */

/* Begin PBXNativeTarget section */
		0668E33F2DDC337A005EB6FF /* MultithreadingL2 */ = {
			isa = PBXNativeTarget;
			buildConfigurationList = 0668E3542DDC337B005EB6FF /* Build configuration list for PBXNativeTarget "MultithreadingL2" */;
			buildPhases = (
				0668E33C2DDC337A005EB6FF /* Sources */,
				0668E33D2DDC337A005EB6FF /* Frameworks */,
				0668E33E2DDC337A005EB6FF /* Resources */,
			);
			buildRules = (
			);
			dependencies = (
			);
			name = MultithreadingL2;
			productName = MultithreadingL2;
			productReference = 0668E3402DDC337A005EB6FF /* MultithreadingL2.app */;
			productType = "com.apple.product-type.application";
		};
/* End PBXNativeTarget section */

/* Begin PBXProject section */
		0668E3382DDC337A005EB6FF /* Project object */ = {
			isa = PBXProject;
			attributes = {
				BuildIndependentTargetsInParallel = 1;
				LastSwiftUpdateCheck = 1540;
				LastUpgradeCheck = 1540;
				TargetAttributes = {
					0668E33F2DDC337A005EB6FF = {
						CreatedOnToolsVersion = 15.4;
					};
				};
			};
			buildConfigurationList = 0668E33B2DDC337A005EB6FF /* Build configuration list for PBXProject "MultithreadingL2" */;
			compatibilityVersion = "Xcode 14.0";
			developmentRegion = en;
			hasScannedForEncodings = 0;
			knownRegions = (
				en,
				Base,
			);
			mainGroup = 0668E3372DDC337A005EB6FF;
			productRefGroup = 0668E3412DDC337A005EB6FF /* Products */;
			projectDirPath = "";
			projectRoot = "";
			targets = (
				0668E33F2DDC337A005EB6FF /* MultithreadingL2 */,
			);
		};
/* End PBXProject section */

/* Begin PBXResourcesBuildPhase section */
		0668E33E2DDC337A005EB6FF /* Resources */ = {
			isa = PBXResourcesBuildPhase;
			buildActionMask = 2147483647;
			files = (
				0668E34D2DDC337B005EB6FF /* Assets.xcassets in Resources */,
				0668E3502DDC337B005EB6FF /* Base in Resources */,
			);
			runOnlyForDeploymentPostprocessing = 0;
		};
/* End PBXResourcesBuildPhase section */

/* Begin PBXSourcesBuildPhase section */
		0668E33C2DDC337A005EB6FF /* Sources */ = {
			isa = PBXSourcesBuildPhase;
			buildActionMask = 2147483647;
			files = (
				0668E3482DDC337A005EB6FF /* DataRaceViewController.swift in Sources */,
				0668E3592DDC3441005EB6FF /* DeadlockViewController.swift in Sources */,
				CE4D212C2DDE311F00399461 /* Livelock.swift in Sources */,
				0668E3442DDC337A005EB6FF /* AppDelegate.swift in Sources */,
				CE4D212E2DDEDF6600399461 /* ComplexRaceConditionViewController.swift in Sources */,
				CE3F94682DE4563800ECD7A3 /* DataRaceSaveSection.swift in Sources */,
				0668E3462DDC337A005EB6FF /* SceneDelegate.swift in Sources */,
				0668E35D2DDC345D005EB6FF /* StarvationDemoViewController.swift in Sources */,
				CE3F94662DE454FE00ECD7A3 /* SafeSection.swift in Sources */,
				CE3F946A2DE45F0600ECD7A3 /* DataLoadingViewController.swift in Sources */,
				0668E35B2DDC344F005EB6FF /* PriorityInversionViewController.swift in Sources */,
			);
			runOnlyForDeploymentPostprocessing = 0;
		};
/* End PBXSourcesBuildPhase section */

/* Begin PBXVariantGroup section */
		0668E34E2DDC337B005EB6FF /* LaunchScreen.storyboard */ = {
			isa = PBXVariantGroup;
			children = (
				0668E34F2DDC337B005EB6FF /* Base */,
			);
			name = LaunchScreen.storyboard;
			sourceTree = "<group>";
		};
/* End PBXVariantGroup section */

/* Begin XCBuildConfiguration section */
		0668E3522DDC337B005EB6FF /* Debug */ = {
			isa = XCBuildConfiguration;
			buildSettings = {
				ALWAYS_SEARCH_USER_PATHS = NO;
				ASSETCATALOG_COMPILER_GENERATE_SWIFT_ASSET_SYMBOL_EXTENSIONS = YES;
				CLANG_ANALYZER_NONNULL = YES;
				CLANG_ANALYZER_NUMBER_OBJECT_CONVERSION = YES_AGGRESSIVE;
				CLANG_CXX_LANGUAGE_STANDARD = "gnu++20";
				CLANG_ENABLE_MODULES = YES;
				CLANG_ENABLE_OBJC_ARC = YES;
				CLANG_ENABLE_OBJC_WEAK = YES;
				CLANG_WARN_BLOCK_CAPTURE_AUTORELEASING = YES;
				CLANG_WARN_BOOL_CONVERSION = YES;
				CLANG_WARN_COMMA = YES;
				CLANG_WARN_CONSTANT_CONVERSION = YES;
				CLANG_WARN_DEPRECATED_OBJC_IMPLEMENTATIONS = YES;
				CLANG_WARN_DIRECT_OBJC_ISA_USAGE = YES_ERROR;
				CLANG_WARN_DOCUMENTATION_COMMENTS = YES;
				CLANG_WARN_EMPTY_BODY = YES;
				CLANG_WARN_ENUM_CONVERSION = YES;
				CLANG_WARN_INFINITE_RECURSION = YES;
				CLANG_WARN_INT_CONVERSION = YES;
				CLANG_WARN_NON_LITERAL_NULL_CONVERSION = YES;
				CLANG_WARN_OBJC_IMPLICIT_RETAIN_SELF = YES;
				CLANG_WARN_OBJC_LITERAL_CONVERSION = YES;
				CLANG_WARN_OBJC_ROOT_CLASS = YES_ERROR;
				CLANG_WARN_QUOTED_INCLUDE_IN_FRAMEWORK_HEADER = YES;
				CLANG_WARN_RANGE_LOOP_ANALYSIS = YES;
				CLANG_WARN_STRICT_PROTOTYPES = YES;
				CLANG_WARN_SUSPICIOUS_MOVE = YES;
				CLANG_WARN_UNGUARDED_AVAILABILITY = YES_AGGRESSIVE;
				CLANG_WARN_UNREACHABLE_CODE = YES;
				CLANG_WARN__DUPLICATE_METHOD_MATCH = YES;
				COPY_PHASE_STRIP = NO;
				DEBUG_INFORMATION_FORMAT = dwarf;
				ENABLE_STRICT_OBJC_MSGSEND = YES;
				ENABLE_TESTABILITY = YES;
				ENABLE_USER_SCRIPT_SANDBOXING = YES;
				GCC_C_LANGUAGE_STANDARD = gnu17;
				GCC_DYNAMIC_NO_PIC = NO;
				GCC_NO_COMMON_BLOCKS = YES;
				GCC_OPTIMIZATION_LEVEL = 0;
				GCC_PREPROCESSOR_DEFINITIONS = (
					"DEBUG=1",
					"$(inherited)",
				);
				GCC_WARN_64_TO_32_BIT_CONVERSION = YES;
				GCC_WARN_ABOUT_RETURN_TYPE = YES_ERROR;
				GCC_WARN_UNDECLARED_SELECTOR = YES;
				GCC_WARN_UNINITIALIZED_AUTOS = YES_AGGRESSIVE;
				GCC_WARN_UNUSED_FUNCTION = YES;
				GCC_WARN_UNUSED_VARIABLE = YES;
				IPHONEOS_DEPLOYMENT_TARGET = 17.5;
				LOCALIZATION_PREFERS_STRING_CATALOGS = YES;
				MTL_ENABLE_DEBUG_INFO = INCLUDE_SOURCE;
				MTL_FAST_MATH = YES;
				ONLY_ACTIVE_ARCH = YES;
				SDKROOT = iphoneos;
				SWIFT_ACTIVE_COMPILATION_CONDITIONS = "DEBUG $(inherited)";
				SWIFT_OPTIMIZATION_LEVEL = "-Onone";
			};
			name = Debug;
		};
		0668E3532DDC337B005EB6FF /* Release */ = {
			isa = XCBuildConfiguration;
			buildSettings = {
				ALWAYS_SEARCH_USER_PATHS = NO;
				ASSETCATALOG_COMPILER_GENERATE_SWIFT_ASSET_SYMBOL_EXTENSIONS = YES;
				CLANG_ANALYZER_NONNULL = YES;
				CLANG_ANALYZER_NUMBER_OBJECT_CONVERSION = YES_AGGRESSIVE;
				CLANG_CXX_LANGUAGE_STANDARD = "gnu++20";
				CLANG_ENABLE_MODULES = YES;
				CLANG_ENABLE_OBJC_ARC = YES;
				CLANG_ENABLE_OBJC_WEAK = YES;
				CLANG_WARN_BLOCK_CAPTURE_AUTORELEASING = YES;
				CLANG_WARN_BOOL_CONVERSION = YES;
				CLANG_WARN_COMMA = YES;
				CLANG_WARN_CONSTANT_CONVERSION = YES;
				CLANG_WARN_DEPRECATED_OBJC_IMPLEMENTATIONS = YES;
				CLANG_WARN_DIRECT_OBJC_ISA_USAGE = YES_ERROR;
				CLANG_WARN_DOCUMENTATION_COMMENTS = YES;
				CLANG_WARN_EMPTY_BODY = YES;
				CLANG_WARN_ENUM_CONVERSION = YES;
				CLANG_WARN_INFINITE_RECURSION = YES;
				CLANG_WARN_INT_CONVERSION = YES;
				CLANG_WARN_NON_LITERAL_NULL_CONVERSION = YES;
				CLANG_WARN_OBJC_IMPLICIT_RETAIN_SELF = YES;
				CLANG_WARN_OBJC_LITERAL_CONVERSION = YES;
				CLANG_WARN_OBJC_ROOT_CLASS = YES_ERROR;
				CLANG_WARN_QUOTED_INCLUDE_IN_FRAMEWORK_HEADER = YES;
				CLANG_WARN_RANGE_LOOP_ANALYSIS = YES;
				CLANG_WARN_STRICT_PROTOTYPES = YES;
				CLANG_WARN_SUSPICIOUS_MOVE = YES;
				CLANG_WARN_UNGUARDED_AVAILABILITY = YES_AGGRESSIVE;
				CLANG_WARN_UNREACHABLE_CODE = YES;
				CLANG_WARN__DUPLICATE_METHOD_MATCH = YES;
				COPY_PHASE_STRIP = NO;
				DEBUG_INFORMATION_FORMAT = "dwarf-with-dsym";
				ENABLE_NS_ASSERTIONS = NO;
				ENABLE_STRICT_OBJC_MSGSEND = YES;
				ENABLE_USER_SCRIPT_SANDBOXING = YES;
				GCC_C_LANGUAGE_STANDARD = gnu17;
				GCC_NO_COMMON_BLOCKS = YES;
				GCC_WARN_64_TO_32_BIT_CONVERSION = YES;
				GCC_WARN_ABOUT_RETURN_TYPE = YES_ERROR;
				GCC_WARN_UNDECLARED_SELECTOR = YES;
				GCC_WARN_UNINITIALIZED_AUTOS = YES_AGGRESSIVE;
				GCC_WARN_UNUSED_FUNCTION = YES;
				GCC_WARN_UNUSED_VARIABLE = YES;
				IPHONEOS_DEPLOYMENT_TARGET = 17.5;
				LOCALIZATION_PREFERS_STRING_CATALOGS = YES;
				MTL_ENABLE_DEBUG_INFO = NO;
				MTL_FAST_MATH = YES;
				SDKROOT = iphoneos;
				SWIFT_COMPILATION_MODE = wholemodule;
				VALIDATE_PRODUCT = YES;
			};
			name = Release;
		};
		0668E3552DDC337B005EB6FF /* Debug */ = {
			isa = XCBuildConfiguration;
			buildSettings = {
				ASSETCATALOG_COMPILER_APPICON_NAME = AppIcon;
				ASSETCATALOG_COMPILER_GLOBAL_ACCENT_COLOR_NAME = AccentColor;
				CODE_SIGN_STYLE = Automatic;
				CURRENT_PROJECT_VERSION = 1;
				GENERATE_INFOPLIST_FILE = YES;
				INFOPLIST_FILE = MultithreadingL2/Info.plist;
				INFOPLIST_KEY_UIApplicationSupportsIndirectInputEvents = YES;
				INFOPLIST_KEY_UILaunchStoryboardName = LaunchScreen;
				INFOPLIST_KEY_UISupportedInterfaceOrientations_iPad = "UIInterfaceOrientationPortrait UIInterfaceOrientationPortraitUpsideDown UIInterfaceOrientationLandscapeLeft UIInterfaceOrientationLandscapeRight";
				INFOPLIST_KEY_UISupportedInterfaceOrientations_iPhone = "UIInterfaceOrientationPortrait UIInterfaceOrientationLandscapeLeft UIInterfaceOrientationLandscapeRight";
				LD_RUNPATH_SEARCH_PATHS = (
					"$(inherited)",
					"@executable_path/Frameworks",
				);
				MARKETING_VERSION = 1.0;
				PRODUCT_BUNDLE_IDENTIFIER = fun.swiftpractice.MultithreadingL2;
				PRODUCT_NAME = "$(TARGET_NAME)";
				SWIFT_EMIT_LOC_STRINGS = YES;
				SWIFT_VERSION = 5.0;
				TARGETED_DEVICE_FAMILY = "1,2";
			};
			name = Debug;
		};
		0668E3562DDC337B005EB6FF /* Release */ = {
			isa = XCBuildConfiguration;
			buildSettings = {
				ASSETCATALOG_COMPILER_APPICON_NAME = AppIcon;
				ASSETCATALOG_COMPILER_GLOBAL_ACCENT_COLOR_NAME = AccentColor;
				CODE_SIGN_STYLE = Automatic;
				CURRENT_PROJECT_VERSION = 1;
				GENERATE_INFOPLIST_FILE = YES;
				INFOPLIST_FILE = MultithreadingL2/Info.plist;
				INFOPLIST_KEY_UIApplicationSupportsIndirectInputEvents = YES;
				INFOPLIST_KEY_UILaunchStoryboardName = LaunchScreen;
				INFOPLIST_KEY_UISupportedInterfaceOrientations_iPad = "UIInterfaceOrientationPortrait UIInterfaceOrientationPortraitUpsideDown UIInterfaceOrientationLandscapeLeft UIInterfaceOrientationLandscapeRight";
				INFOPLIST_KEY_UISupportedInterfaceOrientations_iPhone = "UIInterfaceOrientationPortrait UIInterfaceOrientationLandscapeLeft UIInterfaceOrientationLandscapeRight";
				LD_RUNPATH_SEARCH_PATHS = (
					"$(inherited)",
					"@executable_path/Frameworks",
				);
				MARKETING_VERSION = 1.0;
				PRODUCT_BUNDLE_IDENTIFIER = fun.swiftpractice.MultithreadingL2;
				PRODUCT_NAME = "$(TARGET_NAME)";
				SWIFT_EMIT_LOC_STRINGS = YES;
				SWIFT_VERSION = 5.0;
				TARGETED_DEVICE_FAMILY = "1,2";
			};
			name = Release;
		};
/* End XCBuildConfiguration section */

/* Begin XCConfigurationList section */
		0668E33B2DDC337A005EB6FF /* Build configuration list for PBXProject "MultithreadingL2" */ = {
			isa = XCConfigurationList;
			buildConfigurations = (
				0668E3522DDC337B005EB6FF /* Debug */,
				0668E3532DDC337B005EB6FF /* Release */,
			);
			defaultConfigurationIsVisible = 0;
			defaultConfigurationName = Release;
		};
		0668E3542DDC337B005EB6FF /* Build configuration list for PBXNativeTarget "MultithreadingL2" */ = {
			isa = XCConfigurationList;
			buildConfigurations = (
				0668E3552DDC337B005EB6FF /* Debug */,
				0668E3562DDC337B005EB6FF /* Release */,
			);
			defaultConfigurationIsVisible = 0;
			defaultConfigurationName = Release;
		};
/* End XCConfigurationList section */
	};
	rootObject = 0668E3382DDC337A005EB6FF /* Project object */;
}
